
Microsoft Visual Studio Solution File, Format Version 12.00
# Visual Studio Version 17
VisualStudioVersion = 17.0.31903.59
MinimumVisualStudioVersion = 10.0.40219.1
Project("{FAE04EC0-301F-11D3-BF4B-00C04F79EFBC}") = "Order", "Order\Order.csproj", "{00EE94C2-D7D3-4E6F-BB9F-535E4C9C3EA0}"
EndProject
Project("{FAE04EC0-301F-11D3-BF4B-00C04F79EFBC}") = "Customer", "Customer\Customer.csproj", "{E8965491-EB69-43AD-80F8-753A7412ED00}"
EndProject
Project("{FAE04EC0-301F-11D3-BF4B-00C04F79EFBC}") = "Notification", "Notification\Notification.csproj", "{05EB08A8-C338-4BC7-9D77-3D98DA5D3E8C}"
EndProject
Project("{FAE04EC0-301F-11D3-BF4B-00C04F79EFBC}") = "Order.Tests", "Order.Tests\Order.Tests.csproj", "{A4134D95-2EEB-47A1-8DF2-DC5DBC3B8651}"
EndProject
Global
	GlobalSection(SolutionProperties) = preSolution
		HideSolutionNode = FALSE
	EndGlobalSection
	GlobalSection(SolutionConfigurationPlatforms) = preSolution
		Debug|Any CPU = Debug|Any CPU
		Debug|x64 = Debug|x64
		Debug|x86 = Debug|x86
		Release|Any CPU = Release|Any CPU
		Release|x64 = Release|x64
		Release|x86 = Release|x86
	EndGlobalSection
	GlobalSection(ProjectConfigurationPlatforms) = postSolution
		{00EE94C2-D7D3-4E6F-BB9F-535E4C9C3EA0}.Debug|Any CPU.ActiveCfg = Debug|Any CPU
		{00EE94C2-D7D3-4E6F-BB9F-535E4C9C3EA0}.Debug|Any CPU.Build.0 = Debug|Any CPU
		{00EE94C2-D7D3-4E6F-BB9F-535E4C9C3EA0}.Debug|x64.ActiveCfg = Debug|Any CPU
		{00EE94C2-D7D3-4E6F-BB9F-535E4C9C3EA0}.Debug|x64.Build.0 = Debug|Any CPU
		{00EE94C2-D7D3-4E6F-BB9F-535E4C9C3EA0}.Debug|x86.ActiveCfg = Debug|Any CPU
		{00EE94C2-D7D3-4E6F-BB9F-535E4C9C3EA0}.Debug|x86.Build.0 = Debug|Any CPU
		{00EE94C2-D7D3-4E6F-BB9F-535E4C9C3EA0}.Release|Any CPU.ActiveCfg = Release|Any CPU
		{00EE94C2-D7D3-4E6F-BB9F-535E4C9C3EA0}.Release|Any CPU.Build.0 = Release|Any CPU
		{00EE94C2-D7D3-4E6F-BB9F-535E4C9C3EA0}.Release|x64.ActiveCfg = Release|Any CPU
		{00EE94C2-D7D3-4E6F-BB9F-535E4C9C3EA0}.Release|x64.Build.0 = Release|Any CPU
		{00EE94C2-D7D3-4E6F-BB9F-535E4C9C3EA0}.Release|x86.ActiveCfg = Release|Any CPU
		{00EE94C2-D7D3-4E6F-BB9F-535E4C9C3EA0}.Release|x86.Build.0 = Release|Any CPU
		{E8965491-EB69-43AD-80F8-753A7412ED00}.Debug|Any CPU.ActiveCfg = Debug|Any CPU
		{E8965491-EB69-43AD-80F8-753A7412ED00}.Debug|Any CPU.Build.0 = Debug|Any CPU
		{E8965491-EB69-43AD-80F8-753A7412ED00}.Debug|x64.ActiveCfg = Debug|Any CPU
		{E8965491-EB69-43AD-80F8-753A7412ED00}.Debug|x64.Build.0 = Debug|Any CPU
		{E8965491-EB69-43AD-80F8-753A7412ED00}.Debug|x86.ActiveCfg = Debug|Any CPU
		{E8965491-EB69-43AD-80F8-753A7412ED00}.Debug|x86.Build.0 = Debug|Any CPU
		{E8965491-EB69-43AD-80F8-753A7412ED00}.Release|Any CPU.ActiveCfg = Release|Any CPU
		{E8965491-EB69-43AD-80F8-753A7412ED00}.Release|Any CPU.Build.0 = Release|Any CPU
		{E8965491-EB69-43AD-80F8-753A7412ED00}.Release|x64.ActiveCfg = Release|Any CPU
		{E8965491-EB69-43AD-80F8-753A7412ED00}.Release|x64.Build.0 = Release|Any CPU
		{E8965491-EB69-43AD-80F8-753A7412ED00}.Release|x86.ActiveCfg = Release|Any CPU
		{E8965491-EB69-43AD-80F8-753A7412ED00}.Release|x86.Build.0 = Release|Any CPU
		{05EB08A8-C338-4BC7-9D77-3D98DA5D3E8C}.Debug|Any CPU.ActiveCfg = Debug|Any CPU
		{05EB08A8-C338-4BC7-9D77-3D98DA5D3E8C}.Debug|Any CPU.Build.0 = Debug|Any CPU
		{05EB08A8-C338-4BC7-9D77-3D98DA5D3E8C}.Debug|x64.ActiveCfg = Debug|Any CPU
		{05EB08A8-C338-4BC7-9D77-3D98DA5D3E8C}.Debug|x64.Build.0 = Debug|Any CPU
		{05EB08A8-C338-4BC7-9D77-3D98DA5D3E8C}.Debug|x86.ActiveCfg = Debug|Any CPU
		{05EB08A8-C338-4BC7-9D77-3D98DA5D3E8C}.Debug|x86.Build.0 = Debug|Any CPU
		{05EB08A8-C338-4BC7-9D77-3D98DA5D3E8C}.Release|Any CPU.ActiveCfg = Release|Any CPU
		{05EB08A8-C338-4BC7-9D77-3D98DA5D3E8C}.Release|Any CPU.Build.0 = Release|Any CPU
		{05EB08A8-C338-4BC7-9D77-3D98DA5D3E8C}.Release|x64.ActiveCfg = Release|Any CPU
		{05EB08A8-C338-4BC7-9D77-3D98DA5D3E8C}.Release|x64.Build.0 = Release|Any CPU
		{05EB08A8-C338-4BC7-9D77-3D98DA5D3E8C}.Release|x86.ActiveCfg = Release|Any CPU
		{05EB08A8-C338-4BC7-9D77-3D98DA5D3E8C}.Release|x86.Build.0 = Release|Any CPU
		{A4134D95-2EEB-47A1-8DF2-DC5DBC3B8651}.Debug|Any CPU.ActiveCfg = Debug|Any CPU
		{A4134D95-2EEB-47A1-8DF2-DC5DBC3B8651}.Debug|Any CPU.Build.0 = Debug|Any CPU
		{A4134D95-2EEB-47A1-8DF2-DC5DBC3B8651}.Debug|x64.ActiveCfg = Debug|Any CPU
		{A4134D95-2EEB-47A1-8DF2-DC5DBC3B8651}.Debug|x64.Build.0 = Debug|Any CPU
		{A4134D95-2EEB-47A1-8DF2-DC5DBC3B8651}.Debug|x86.ActiveCfg = Debug|Any CPU
		{A4134D95-2EEB-47A1-8DF2-DC5DBC3B8651}.Debug|x86.Build.0 = Debug|Any CPU
		{A4134D95-2EEB-47A1-8DF2-DC5DBC3B8651}.Release|Any CPU.ActiveCfg = Release|Any CPU
		{A4134D95-2EEB-47A1-8DF2-DC5DBC3B8651}.Release|Any CPU.Build.0 = Release|Any CPU
		{A4134D95-2EEB-47A1-8DF2-DC5DBC3B8651}.Release|x64.ActiveCfg = Release|Any CPU
		{A4134D95-2EEB-47A1-8DF2-DC5DBC3B8651}.Release|x64.Build.0 = Release|Any CPU
		{A4134D95-2EEB-47A1-8DF2-DC5DBC3B8651}.Release|x86.ActiveCfg = Release|Any CPU
		{A4134D95-2EEB-47A1-8DF2-DC5DBC3B8651}.Release|x86.Build.0 = Release|Any CPU
	EndGlobalSection
EndGlobal
